
Microsoft Visual Studio Solution File, Format Version 11.00
# Visual Studio 2010
Project("{FAE04EC0-301F-11D3-BF4B-00C04F79EFBC}") = "Assembly-CSharp", "Assembly-CSharp.csproj", "{012B73D9-237F-78C9-A7F8-71652D8A9B66}"
EndProject
Project("{FAE04EC0-301F-11D3-BF4B-00C04F79EFBC}") = "Assembly-CSharp-firstpass", "Assembly-CSharp-firstpass.csproj", "{0069D729-F56A-F075-7C7E-DB4F414E3401}"
EndProject
Project("{FAE04EC0-301F-11D3-BF4B-00C04F79EFBC}") = "Assembly-CSharp-Editor-firstpass", "Assembly-CSharp-Editor-firstpass.csproj", "{18FC9EB5-9327-B815-017B-F1E328A25998}"
EndProject
Project("{FAE04EC0-301F-11D3-BF4B-00C04F79EFBC}") = "Assembly-CSharp-Editor", "Assembly-CSharp-Editor.csproj", "{0F32A523-89BB-CD46-13D0-77E6D2B25903}"
EndProject
Global
	GlobalSection(SolutionConfigurationPlatforms) = preSolution
		Debug|Any CPU = Debug|Any CPU
		Release|Any CPU = Release|Any CPU
	EndGlobalSection
	GlobalSection(ProjectConfigurationPlatforms) = postSolution
		{012B73D9-237F-78C9-A7F8-71652D8A9B66}.Debug|Any CPU.ActiveCfg = Debug|Any CPU
		{012B73D9-237F-78C9-A7F8-71652D8A9B66}.Debug|Any CPU.Build.0 = Debug|Any CPU
		{012B73D9-237F-78C9-A7F8-71652D8A9B66}.Release|Any CPU.ActiveCfg = Release|Any CPU
		{012B73D9-237F-78C9-A7F8-71652D8A9B66}.Release|Any CPU.Build.0 = Release|Any CPU
		{0069D729-F56A-F075-7C7E-DB4F414E3401}.Debug|Any CPU.ActiveCfg = Debug|Any CPU
		{0069D729-F56A-F075-7C7E-DB4F414E3401}.Debug|Any CPU.Build.0 = Debug|Any CPU
		{0069D729-F56A-F075-7C7E-DB4F414E3401}.Release|Any CPU.ActiveCfg = Release|Any CPU
		{0069D729-F56A-F075-7C7E-DB4F414E3401}.Release|Any CPU.Build.0 = Release|Any CPU
		{18FC9EB5-9327-B815-017B-F1E328A25998}.Debug|Any CPU.ActiveCfg = Debug|Any CPU
		{18FC9EB5-9327-B815-017B-F1E328A25998}.Debug|Any CPU.Build.0 = Debug|Any CPU
		{18FC9EB5-9327-B815-017B-F1E328A25998}.Release|Any CPU.ActiveCfg = Release|Any CPU
		{18FC9EB5-9327-B815-017B-F1E328A25998}.Release|Any CPU.Build.0 = Release|Any CPU
		{0F32A523-89BB-CD46-13D0-77E6D2B25903}.Debug|Any CPU.ActiveCfg = Debug|Any CPU
		{0F32A523-89BB-CD46-13D0-77E6D2B25903}.Debug|Any CPU.Build.0 = Debug|Any CPU
		{0F32A523-89BB-CD46-13D0-77E6D2B25903}.Release|Any CPU.ActiveCfg = Release|Any CPU
		{0F32A523-89BB-CD46-13D0-77E6D2B25903}.Release|Any CPU.Build.0 = Release|Any CPU
	EndGlobalSection
	GlobalSection(SolutionProperties) = preSolution
		HideSolutionNode = FALSE
	EndGlobalSection
	GlobalSection(MonoDevelopProperties) = preSolution
		StartupItem = Assembly-CSharp.csproj
	EndGlobalSection
EndGlobal
